{
  "version": 4,
  "terraform_version": "1.6.3",
  "serial": 76,
  "lineage": "c01fc42f-b92a-f8c7-20e4-fe510f1a40e4",
  "outputs": {},
  "resources": [
    {
      "module": "module.api-gateway",
      "mode": "managed",
      "type": "aws_api_gateway_deployment",
      "name": "main",
      "provider": "provider[\"registry.terraform.io/hashicorp/aws\"]",
      "instances": [
        {
          "schema_version": 0,
          "attributes": {
            "created_date": "2023-11-10T09:54:33Z",
            "description": "",
            "execution_arn": "arn:aws:execute-api:us-east-1:550488701486:o75bqd0rh2/prod",
            "id": "gfs4it",
            "invoke_url": "https://o75bqd0rh2.execute-api.us-east-1.amazonaws.com/prod",
            "rest_api_id": "o75bqd0rh2",
            "stage_description": null,
            "stage_name": "prod",
            "triggers": null,
            "variables": null
          },
          "sensitive_attributes": [],
          "private": "bnVsbA==",
          "dependencies": [
            "module.api-gateway.aws_api_gateway_integration.lambda",
            "module.api-gateway.aws_api_gateway_integration.lambda_root",
            "module.api-gateway.aws_api_gateway_method.proxy",
            "module.api-gateway.aws_api_gateway_method.proxy_root",
            "module.api-gateway.aws_api_gateway_resource.proxy",
            "module.api-gateway.aws_api_gateway_rest_api.main",
            "module.db.aws_db_instance.this",
            "module.db.aws_db_parameter_group.this",
            "module.db.aws_db_subnet_group.this",
            "module.db.aws_security_group.pgsecgrp",
            "module.lambda.aws_iam_role.lambda_exec",
            "module.lambda.aws_lambda_function.main",
            "module.lambda.aws_lambda_layer_version.node_dependencies",
            "module.lambda.aws_security_group.sg_lambda",
            "module.lambda.data.aws_s3_bucket.function",
            "module.vpc.aws_subnet.private_a",
            "module.vpc.aws_subnet.private_b",
            "module.vpc.aws_vpc.main"
          ]
        }
      ]
    },
    {
      "module": "module.api-gateway",
      "mode": "managed",
      "type": "aws_api_gateway_integration",
      "name": "lambda",
      "provider": "provider[\"registry.terraform.io/hashicorp/aws\"]",
      "instances": [
        {
          "schema_version": 0,
          "attributes": {
            "cache_key_parameters": [],
            "cache_namespace": "b5vdto",
            "connection_id": "",
            "connection_type": "INTERNET",
            "content_handling": "",
            "credentials": "",
            "http_method": "ANY",
            "id": "agi-o75bqd0rh2-b5vdto-ANY",
            "integration_http_method": "POST",
            "passthrough_behavior": "WHEN_NO_MATCH",
            "request_parameters": {},
            "request_templates": {},
            "resource_id": "b5vdto",
            "rest_api_id": "o75bqd0rh2",
            "timeout_milliseconds": 29000,
            "tls_config": [],
            "type": "AWS_PROXY",
            "uri": "arn:aws:apigateway:us-east-1:lambda:path/2015-03-31/functions/arn:aws:lambda:us-east-1:550488701486:function:edu-platform-api/invocations"
          },
          "sensitive_attributes": [],
          "private": "bnVsbA==",
          "dependencies": [
            "module.api-gateway.aws_api_gateway_method.proxy",
            "module.api-gateway.aws_api_gateway_resource.proxy",
            "module.api-gateway.aws_api_gateway_rest_api.main",
            "module.db.aws_db_instance.this",
            "module.db.aws_db_parameter_group.this",
            "module.db.aws_db_subnet_group.this",
            "module.db.aws_security_group.pgsecgrp",
            "module.lambda.aws_iam_role.lambda_exec",
            "module.lambda.aws_lambda_function.main",
            "module.lambda.aws_lambda_layer_version.node_dependencies",
            "module.lambda.aws_security_group.sg_lambda",
            "module.lambda.data.aws_s3_bucket.function",
            "module.vpc.aws_subnet.private_a",
            "module.vpc.aws_subnet.private_b",
            "module.vpc.aws_vpc.main"
          ]
        }
      ]
    },
    {
      "module": "module.api-gateway",
      "mode": "managed",
      "type": "aws_api_gateway_integration",
      "name": "lambda_root",
      "provider": "provider[\"registry.terraform.io/hashicorp/aws\"]",
      "instances": [
        {
          "schema_version": 0,
          "attributes": {
            "cache_key_parameters": [],
            "cache_namespace": "90bqm1m4qi",
            "connection_id": "",
            "connection_type": "INTERNET",
            "content_handling": "",
            "credentials": "",
            "http_method": "ANY",
            "id": "agi-o75bqd0rh2-90bqm1m4qi-ANY",
            "integration_http_method": "POST",
            "passthrough_behavior": "WHEN_NO_MATCH",
            "request_parameters": {},
            "request_templates": {},
            "resource_id": "90bqm1m4qi",
            "rest_api_id": "o75bqd0rh2",
            "timeout_milliseconds": 29000,
            "tls_config": [],
            "type": "AWS_PROXY",
            "uri": "arn:aws:apigateway:us-east-1:lambda:path/2015-03-31/functions/arn:aws:lambda:us-east-1:550488701486:function:edu-platform-api/invocations"
          },
          "sensitive_attributes": [],
          "private": "bnVsbA==",
          "dependencies": [
            "module.api-gateway.aws_api_gateway_method.proxy_root",
            "module.api-gateway.aws_api_gateway_rest_api.main",
            "module.db.aws_db_instance.this",
            "module.db.aws_db_parameter_group.this",
            "module.db.aws_db_subnet_group.this",
            "module.db.aws_security_group.pgsecgrp",
            "module.lambda.aws_iam_role.lambda_exec",
            "module.lambda.aws_lambda_function.main",
            "module.lambda.aws_lambda_layer_version.node_dependencies",
            "module.lambda.aws_security_group.sg_lambda",
            "module.lambda.data.aws_s3_bucket.function",
            "module.vpc.aws_subnet.private_a",
            "module.vpc.aws_subnet.private_b",
            "module.vpc.aws_vpc.main"
          ]
        }
      ]
    },
    {
      "module": "module.api-gateway",
      "mode": "managed",
      "type": "aws_api_gateway_method",
      "name": "proxy",
      "provider": "provider[\"registry.terraform.io/hashicorp/aws\"]",
      "instances": [
        {
          "schema_version": 0,
          "attributes": {
            "api_key_required": false,
            "authorization": "NONE",
            "authorization_scopes": [],
            "authorizer_id": "",
            "http_method": "ANY",
            "id": "agm-o75bqd0rh2-b5vdto-ANY",
            "operation_name": "",
            "request_models": {},
            "request_parameters": {},
            "request_validator_id": "",
            "resource_id": "b5vdto",
            "rest_api_id": "o75bqd0rh2"
          },
          "sensitive_attributes": [],
          "private": "bnVsbA==",
          "dependencies": [
            "module.api-gateway.aws_api_gateway_resource.proxy",
            "module.api-gateway.aws_api_gateway_rest_api.main"
          ]
        }
      ]
    },
    {
      "module": "module.api-gateway",
      "mode": "managed",
      "type": "aws_api_gateway_method",
      "name": "proxy_root",
      "provider": "provider[\"registry.terraform.io/hashicorp/aws\"]",
      "instances": [
        {
          "schema_version": 0,
          "attributes": {
            "api_key_required": false,
            "authorization": "NONE",
            "authorization_scopes": [],
            "authorizer_id": "",
            "http_method": "ANY",
            "id": "agm-o75bqd0rh2-90bqm1m4qi-ANY",
            "operation_name": "",
            "request_models": {},
            "request_parameters": {},
            "request_validator_id": "",
            "resource_id": "90bqm1m4qi",
            "rest_api_id": "o75bqd0rh2"
          },
          "sensitive_attributes": [],
          "private": "bnVsbA==",
          "dependencies": [
            "module.api-gateway.aws_api_gateway_rest_api.main"
          ]
        }
      ]
    },
    {
      "module": "module.api-gateway",
      "mode": "managed",
      "type": "aws_api_gateway_resource",
      "name": "proxy",
      "provider": "provider[\"registry.terraform.io/hashicorp/aws\"]",
      "instances": [
        {
          "schema_version": 0,
          "attributes": {
            "id": "b5vdto",
            "parent_id": "90bqm1m4qi",
            "path": "/{proxy+}",
            "path_part": "{proxy+}",
            "rest_api_id": "o75bqd0rh2"
          },
          "sensitive_attributes": [],
          "private": "bnVsbA==",
          "dependencies": [
            "module.api-gateway.aws_api_gateway_rest_api.main"
          ]
        }
      ]
    },
    {
      "module": "module.api-gateway",
      "mode": "managed",
      "type": "aws_api_gateway_rest_api",
      "name": "main",
      "provider": "provider[\"registry.terraform.io/hashicorp/aws\"]",
      "instances": [
        {
          "schema_version": 0,
          "attributes": {
            "api_key_source": "HEADER",
            "arn": "arn:aws:apigateway:us-east-1::/restapis/o75bqd0rh2",
            "binary_media_types": [],
            "body": null,
            "created_date": "2023-11-10T09:47:45Z",
            "description": "API Gateway for Edu Platform REST API",
            "disable_execute_api_endpoint": false,
            "endpoint_configuration": [
              {
                "types": [
                  "EDGE"
                ],
                "vpc_endpoint_ids": []
              }
            ],
            "execution_arn": "arn:aws:execute-api:us-east-1:550488701486:o75bqd0rh2",
            "fail_on_warnings": null,
            "id": "o75bqd0rh2",
            "minimum_compression_size": "",
            "name": "edu-platform",
            "parameters": null,
            "policy": "",
            "put_rest_api_mode": null,
            "root_resource_id": "90bqm1m4qi",
            "tags": {},
            "tags_all": {}
          },
          "sensitive_attributes": [],
          "private": "bnVsbA=="
        }
      ]
    },
    {
      "module": "module.db",
      "mode": "managed",
      "type": "aws_db_instance",
      "name": "this",
      "provider": "provider[\"registry.terraform.io/hashicorp/aws\"]",
      "instances": [
        {
          "schema_version": 2,
          "attributes": {
            "address": "main.cchtfaepyqev.us-east-1.rds.amazonaws.com",
            "allocated_storage": 5,
            "allow_major_version_upgrade": null,
            "apply_immediately": true,
            "arn": "arn:aws:rds:us-east-1:550488701486:db:main",
            "auto_minor_version_upgrade": true,
            "availability_zone": "us-east-1b",
            "backup_retention_period": 0,
            "backup_target": "region",
            "backup_window": "05:09-05:39",
            "blue_green_update": [],
            "ca_cert_identifier": "rds-ca-2019",
            "character_set_name": "",
            "copy_tags_to_snapshot": false,
            "custom_iam_instance_profile": "",
            "customer_owned_ip_enabled": false,
            "db_name": "eduplatform",
            "db_subnet_group_name": "main",
            "delete_automated_backups": true,
            "deletion_protection": false,
            "domain": "",
            "domain_iam_role_name": "",
            "enabled_cloudwatch_logs_exports": [],
            "endpoint": "main.cchtfaepyqev.us-east-1.rds.amazonaws.com:5432",
            "engine": "postgres",
            "engine_version": "13.10",
            "engine_version_actual": "13.10",
            "final_snapshot_identifier": null,
            "hosted_zone_id": "Z2R2ITUGPM61AM",
            "iam_database_authentication_enabled": false,
            "id": "db-Z2CZNVVHFGJ4F3EPL7FDQAWFWA",
            "identifier": "main",
            "identifier_prefix": "",
            "instance_class": "db.t3.micro",
            "iops": 0,
            "kms_key_id": "",
            "latest_restorable_time": "",
            "license_model": "postgresql-license",
            "listener_endpoint": [],
            "maintenance_window": "tue:03:50-tue:04:20",
            "manage_master_user_password": null,
            "master_user_secret": [],
            "master_user_secret_kms_key_id": null,
            "max_allocated_storage": 0,
            "monitoring_interval": 0,
            "monitoring_role_arn": "",
            "multi_az": false,
            "nchar_character_set_name": "",
            "network_type": "IPV4",
            "option_group_name": "default:postgres-13",
            "parameter_group_name": "main",
            "password": "isrm2303",
            "performance_insights_enabled": false,
            "performance_insights_kms_key_id": "",
            "performance_insights_retention_period": 0,
            "port": 5432,
            "publicly_accessible": false,
            "replica_mode": "",
            "replicas": [],
            "replicate_source_db": "",
            "resource_id": "db-Z2CZNVVHFGJ4F3EPL7FDQAWFWA",
            "restore_to_point_in_time": [],
            "s3_import": [],
            "skip_final_snapshot": true,
            "snapshot_identifier": null,
            "status": "available",
            "storage_encrypted": false,
            "storage_throughput": 0,
            "storage_type": "gp2",
            "tags": {
              "project": "edu-platform"
            },
            "tags_all": {
              "project": "edu-platform"
            },
            "timeouts": null,
            "timezone": "",
            "username": "isrm",
            "vpc_security_group_ids": [
              "sg-04287453b0245548c"
            ]
          },
          "sensitive_attributes": [],
          "private": "eyJlMmJmYjczMC1lY2FhLTExZTYtOGY4OC0zNDM2M2JjN2M0YzAiOnsiY3JlYXRlIjoyNDAwMDAwMDAwMDAwLCJkZWxldGUiOjM2MDAwMDAwMDAwMDAsInVwZGF0ZSI6NDgwMDAwMDAwMDAwMH0sInNjaGVtYV92ZXJzaW9uIjoiMiJ9",
          "dependencies": [
            "module.db.aws_db_parameter_group.this",
            "module.db.aws_db_subnet_group.this",
            "module.db.aws_security_group.pgsecgrp",
            "module.vpc.aws_subnet.private_a",
            "module.vpc.aws_subnet.private_b",
            "module.vpc.aws_vpc.main"
          ]
        }
      ]
    },
    {
      "module": "module.db",
      "mode": "managed",
      "type": "aws_db_parameter_group",
      "name": "this",
      "provider": "provider[\"registry.terraform.io/hashicorp/aws\"]",
      "instances": [
        {
          "schema_version": 0,
          "attributes": {
            "arn": "arn:aws:rds:us-east-1:550488701486:pg:main",
            "description": "Managed by Terraform",
            "family": "postgres13",
            "id": "main",
            "name": "main",
            "name_prefix": null,
            "parameter": [
              {
                "apply_method": "immediate",
                "name": "log_connections",
                "value": "1"
              }
            ],
            "tags": {},
            "tags_all": {}
          },
          "sensitive_attributes": [],
          "private": "bnVsbA=="
        }
      ]
    },
    {
      "module": "module.db",
      "mode": "managed",
      "type": "aws_db_subnet_group",
      "name": "this",
      "provider": "provider[\"registry.terraform.io/hashicorp/aws\"]",
      "instances": [
        {
          "schema_version": 0,
          "attributes": {
            "arn": "arn:aws:rds:us-east-1:550488701486:subgrp:main",
            "description": "Managed by Terraform",
            "id": "main",
            "name": "main",
            "name_prefix": "",
            "subnet_ids": [
              "subnet-0016e4cc34faa25ae",
              "subnet-0fdf867bea5c3b295"
            ],
            "supported_network_types": [
              "IPV4"
            ],
            "tags": {
              "project": "edu-platform"
            },
            "tags_all": {
              "project": "edu-platform"
            },
            "vpc_id": "vpc-0aba04814ecf69b6c"
          },
          "sensitive_attributes": [],
          "private": "bnVsbA==",
          "dependencies": [
            "module.vpc.aws_subnet.private_a",
            "module.vpc.aws_subnet.private_b",
            "module.vpc.aws_vpc.main"
          ]
        }
      ]
    },
    {
      "module": "module.db",
      "mode": "managed",
      "type": "aws_security_group",
      "name": "pgsecgrp",
      "provider": "provider[\"registry.terraform.io/hashicorp/aws\"]",
      "instances": [
        {
          "schema_version": 1,
          "attributes": {
            "arn": "arn:aws:ec2:us-east-1:550488701486:security-group/sg-04287453b0245548c",
            "description": "Allow inbound traffic for PG",
            "egress": [
              {
                "cidr_blocks": [
                  "0.0.0.0/0"
                ],
                "description": "",
                "from_port": 0,
                "ipv6_cidr_blocks": [
                  "::/0"
                ],
                "prefix_list_ids": [],
                "protocol": "-1",
                "security_groups": [],
                "self": false,
                "to_port": 0
              }
            ],
            "id": "sg-04287453b0245548c",
            "ingress": [
              {
                "cidr_blocks": [
                  "0.0.0.0/0"
                ],
                "description": "PG connection",
                "from_port": 5432,
                "ipv6_cidr_blocks": [],
                "prefix_list_ids": [],
                "protocol": "tcp",
                "security_groups": [],
                "self": false,
                "to_port": 5432
              },
              {
                "cidr_blocks": [],
                "description": "",
                "from_port": 5432,
                "ipv6_cidr_blocks": [],
                "prefix_list_ids": [],
                "protocol": "tcp",
                "security_groups": [
                  "sg-0d942451bef0e2a6f"
                ],
                "self": false,
                "to_port": 5432
              }
            ],
            "name": "pgsecgrp",
            "name_prefix": "",
            "owner_id": "550488701486",
            "revoke_rules_on_delete": false,
            "tags": {
              "project": "edu-platform"
            },
            "tags_all": {
              "project": "edu-platform"
            },
            "timeouts": null,
            "vpc_id": "vpc-0aba04814ecf69b6c"
          },
          "sensitive_attributes": [],
          "private": "eyJlMmJmYjczMC1lY2FhLTExZTYtOGY4OC0zNDM2M2JjN2M0YzAiOnsiY3JlYXRlIjo2MDAwMDAwMDAwMDAsImRlbGV0ZSI6OTAwMDAwMDAwMDAwfSwic2NoZW1hX3ZlcnNpb24iOiIxIn0=",
          "dependencies": [
            "module.vpc.aws_vpc.main"
          ]
        }
      ]
    },
    {
      "module": "module.lambda",
      "mode": "data",
      "type": "aws_s3_bucket",
      "name": "function",
      "provider": "provider[\"registry.terraform.io/hashicorp/aws\"]",
      "instances": [
        {
          "schema_version": 0,
          "attributes": {
            "arn": "arn:aws:s3:::edu-platform-function",
            "bucket": "edu-platform-function",
            "bucket_domain_name": "edu-platform-function.s3.amazonaws.com",
            "bucket_regional_domain_name": "edu-platform-function.s3.us-east-1.amazonaws.com",
            "hosted_zone_id": "Z3AQBSTGFYJSTF",
            "id": "edu-platform-function",
            "region": "us-east-1",
            "website_domain": null,
            "website_endpoint": null
          },
          "sensitive_attributes": []
        }
      ]
    },
    {
      "module": "module.lambda",
      "mode": "managed",
      "type": "aws_iam_role",
      "name": "lambda_exec",
      "provider": "provider[\"registry.terraform.io/hashicorp/aws\"]",
      "instances": [
        {
          "schema_version": 0,
          "attributes": {
            "arn": "arn:aws:iam::550488701486:role/edu-platform-function",
            "assume_role_policy": "{\"Statement\":[{\"Action\":\"sts:AssumeRole\",\"Effect\":\"Allow\",\"Principal\":{\"Service\":\"lambda.amazonaws.com\"},\"Sid\":\"\"}],\"Version\":\"2012-10-17\"}",
            "create_date": "2023-11-10T09:47:45Z",
            "description": "",
            "force_detach_policies": false,
            "id": "edu-platform-function",
            "inline_policy": [
              {
                "name": "allow_vpc_access",
                "policy": "{\"Version\":\"2012-10-17\",\"Statement\":[{\"Action\":[\"logs:CreateLogGroup\",\"logs:CreateLogStream\",\"logs:PutLogEvents\",\"ec2:CreateNetworkInterface\",\"ec2:DescribeNetworkInterfaces\",\"ec2:DeleteNetworkInterface\",\"ec2:AssignPrivateIpAddresses\",\"ec2:UnassignPrivateIpAddresses\"],\"Effect\":\"Allow\",\"Resource\":\"*\"}]}"
              }
            ],
            "managed_policy_arns": [],
            "max_session_duration": 3600,
            "name": "edu-platform-function",
            "name_prefix": "",
            "path": "/",
            "permissions_boundary": "",
            "tags": {},
            "tags_all": {},
            "unique_id": "AROAYAK5O7IXMZDWDCMSE"
          },
          "sensitive_attributes": [],
          "private": "bnVsbA=="
        }
      ]
    },
    {
      "module": "module.lambda",
      "mode": "managed",
      "type": "aws_lambda_function",
      "name": "main",
      "provider": "provider[\"registry.terraform.io/hashicorp/aws\"]",
      "instances": [
        {
          "schema_version": 0,
          "attributes": {
            "architectures": [
              "x86_64"
            ],
            "arn": "arn:aws:lambda:us-east-1:550488701486:function:edu-platform-api",
            "code_signing_config_arn": "",
            "dead_letter_config": [],
            "description": "",
            "environment": [
              {
                "variables": {
                  "DATABASE_URL": "postgres://isrm:isrm2303@main.cchtfaepyqev.us-east-1.rds.amazonaws.com:5432/eduplatform"
                }
              }
            ],
            "ephemeral_storage": [
              {
                "size": 512
              }
            ],
            "file_system_config": [],
            "filename": null,
            "function_name": "edu-platform-api",
            "handler": "build/index.handler",
            "id": "edu-platform-api",
            "image_config": [],
            "image_uri": "",
            "invoke_arn": "arn:aws:apigateway:us-east-1:lambda:path/2015-03-31/functions/arn:aws:lambda:us-east-1:550488701486:function:edu-platform-api/invocations",
            "kms_key_arn": "",
            "last_modified": "2023-11-23T11:52:40.000+0000",
            "layers": [
              "arn:aws:lambda:us-east-1:550488701486:layer:node_dependencies:2"
            ],
            "memory_size": 128,
            "package_type": "Zip",
            "publish": false,
            "qualified_arn": "arn:aws:lambda:us-east-1:550488701486:function:edu-platform-api:$LATEST",
            "qualified_invoke_arn": "arn:aws:apigateway:us-east-1:lambda:path/2015-03-31/functions/arn:aws:lambda:us-east-1:550488701486:function:edu-platform-api:$LATEST/invocations",
            "replace_security_groups_on_destroy": null,
            "replacement_security_group_ids": null,
            "reserved_concurrent_executions": -1,
            "role": "arn:aws:iam::550488701486:role/edu-platform-function",
            "runtime": "nodejs18.x",
            "s3_bucket": "edu-platform-function",
            "s3_key": "api/0.0.1/build.zip",
            "s3_object_version": null,
            "signing_job_arn": "",
            "signing_profile_version_arn": "",
            "skip_destroy": false,
            "snap_start": [],
            "source_code_hash": "/E8dukRg3qAbZ1053UDUPhNlxYSPcMR0YM5ukpZ0oC4=",
            "source_code_size": 55798,
            "tags": {},
            "tags_all": {},
            "timeout": 3,
            "timeouts": null,
            "tracing_config": [
              {
                "mode": "PassThrough"
              }
            ],
            "version": "$LATEST",
            "vpc_config": [
              {
                "ipv6_allowed_for_dual_stack": false,
                "security_group_ids": [
                  "sg-0f3385ed899c6b9e9"
                ],
                "subnet_ids": [
                  "subnet-0fdf867bea5c3b295"
                ],
                "vpc_id": "vpc-0aba04814ecf69b6c"
              }
            ]
          },
          "sensitive_attributes": [
            [
              {
                "type": "get_attr",
                "value": "environment"
              },
              {
                "type": "index",
                "value": {
                  "value": 0,
                  "type": "number"
                }
              },
              {
                "type": "get_attr",
                "value": "variables"
              },
              {
                "type": "index",
                "value": {
                  "value": "DATABASE_URL",
                  "type": "string"
                }
              }
            ]
          ],
          "private": "eyJlMmJmYjczMC1lY2FhLTExZTYtOGY4OC0zNDM2M2JjN2M0YzAiOnsiY3JlYXRlIjo2MDAwMDAwMDAwMDAsImRlbGV0ZSI6NjAwMDAwMDAwMDAwLCJ1cGRhdGUiOjYwMDAwMDAwMDAwMH19",
          "dependencies": [
            "module.db.aws_db_instance.this",
            "module.db.aws_db_parameter_group.this",
            "module.db.aws_db_subnet_group.this",
            "module.db.aws_security_group.pgsecgrp",
            "module.lambda.aws_iam_role.lambda_exec",
            "module.lambda.aws_lambda_layer_version.node_dependencies",
            "module.lambda.aws_security_group.sg_lambda",
            "module.lambda.data.aws_s3_bucket.function",
            "module.vpc.aws_subnet.private_a",
            "module.vpc.aws_subnet.private_b",
            "module.vpc.aws_vpc.main"
          ]
        }
      ]
    },
    {
      "module": "module.lambda",
      "mode": "managed",
      "type": "aws_lambda_layer_version",
      "name": "node_dependencies",
      "provider": "provider[\"registry.terraform.io/hashicorp/aws\"]",
      "instances": [
        {
          "schema_version": 0,
          "attributes": {
            "arn": "arn:aws:lambda:us-east-1:550488701486:layer:node_dependencies:2",
            "compatible_architectures": [],
            "compatible_runtimes": [
              "nodejs18.x"
            ],
            "created_date": "2023-11-15T17:59:10.880+0000",
            "description": "",
            "filename": null,
            "id": "arn:aws:lambda:us-east-1:550488701486:layer:node_dependencies:2",
            "layer_arn": "arn:aws:lambda:us-east-1:550488701486:layer:node_dependencies",
            "layer_name": "node_dependencies",
            "license_info": "",
            "s3_bucket": "edu-platform-function",
            "s3_key": "dependencies/0.0.1/nodejs.zip",
            "s3_object_version": null,
            "signing_job_arn": "",
            "signing_profile_version_arn": "",
            "skip_destroy": false,
            "source_code_hash": "DHyfOpWrDDrGm5VcvZvlAUxXp1SxEJ4vZZuvearf9Uw=",
            "source_code_size": 1193529,
            "version": "2"
          },
          "sensitive_attributes": [],
          "private": "bnVsbA==",
          "dependencies": [
            "module.lambda.data.aws_s3_bucket.function"
          ]
        }
      ]
    },
    {
      "module": "module.lambda",
      "mode": "managed",
      "type": "aws_lambda_permission",
      "name": "apigw",
      "provider": "provider[\"registry.terraform.io/hashicorp/aws\"]",
      "instances": [
        {
          "schema_version": 0,
          "attributes": {
            "action": "lambda:InvokeFunction",
            "event_source_token": null,
            "function_name": "edu-platform-api",
            "function_url_auth_type": null,
            "id": "AllowAPIGatewayInvoke",
            "principal": "apigateway.amazonaws.com",
            "principal_org_id": null,
            "qualifier": "",
            "source_account": null,
            "source_arn": "arn:aws:execute-api:us-east-1:550488701486:o75bqd0rh2/*/*",
            "statement_id": "AllowAPIGatewayInvoke",
            "statement_id_prefix": ""
          },
          "sensitive_attributes": [],
          "private": "bnVsbA==",
          "dependencies": [
            "module.api-gateway.aws_api_gateway_rest_api.main",
            "module.db.aws_db_instance.this",
            "module.db.aws_db_parameter_group.this",
            "module.db.aws_db_subnet_group.this",
            "module.db.aws_security_group.pgsecgrp",
            "module.lambda.aws_iam_role.lambda_exec",
            "module.lambda.aws_lambda_function.main",
            "module.lambda.aws_lambda_layer_version.node_dependencies",
            "module.lambda.aws_security_group.sg_lambda",
            "module.lambda.data.aws_s3_bucket.function",
            "module.vpc.aws_subnet.private_a",
            "module.vpc.aws_subnet.private_b",
            "module.vpc.aws_vpc.main"
          ]
        }
      ]
    },
    {
      "module": "module.lambda",
      "mode": "managed",
      "type": "aws_security_group",
      "name": "sg_lambda",
      "provider": "provider[\"registry.terraform.io/hashicorp/aws\"]",
      "instances": [
        {
          "schema_version": 1,
          "attributes": {
            "arn": "arn:aws:ec2:us-east-1:550488701486:security-group/sg-0f3385ed899c6b9e9",
            "description": "Managed by Terraform",
            "egress": [
              {
                "cidr_blocks": [
                  "0.0.0.0/0"
                ],
                "description": "",
                "from_port": 0,
                "ipv6_cidr_blocks": [],
                "prefix_list_ids": [],
                "protocol": "-1",
                "security_groups": [],
                "self": false,
                "to_port": 0
              }
            ],
            "id": "sg-0f3385ed899c6b9e9",
            "ingress": [],
            "name": "terraform-20231112124554336100000001",
            "name_prefix": "terraform-",
            "owner_id": "550488701486",
            "revoke_rules_on_delete": false,
            "tags": {},
            "tags_all": {},
            "timeouts": null,
            "vpc_id": "vpc-0aba04814ecf69b6c"
          },
          "sensitive_attributes": [],
          "private": "eyJlMmJmYjczMC1lY2FhLTExZTYtOGY4OC0zNDM2M2JjN2M0YzAiOnsiY3JlYXRlIjo2MDAwMDAwMDAwMDAsImRlbGV0ZSI6OTAwMDAwMDAwMDAwfSwic2NoZW1hX3ZlcnNpb24iOiIxIn0=",
          "dependencies": [
            "module.vpc.aws_vpc.main"
          ]
        }
      ]
    },
    {
      "module": "module.vpc",
      "mode": "data",
      "type": "aws_instance",
      "name": "nat",
      "provider": "provider[\"registry.terraform.io/hashicorp/aws\"]",
      "instances": [
        {
          "schema_version": 0,
          "attributes": {
            "ami": "ami-0e64637f6498ed00f",
            "arn": "arn:aws:ec2:us-east-1:550488701486:instance/i-041af7f63d0001881",
            "associate_public_ip_address": true,
            "availability_zone": "us-east-1a",
            "credit_specification": [
              {
                "cpu_credits": "standard"
              }
            ],
            "disable_api_stop": false,
            "disable_api_termination": false,
            "ebs_block_device": [],
            "ebs_optimized": false,
            "enclave_options": [
              {
                "enabled": false
              }
            ],
            "ephemeral_block_device": [],
            "filter": null,
            "get_password_data": false,
            "get_user_data": false,
            "host_id": "",
            "host_resource_group_arn": "",
            "iam_instance_profile": "",
            "id": "i-041af7f63d0001881",
            "instance_id": "i-041af7f63d0001881",
            "instance_state": "running",
            "instance_tags": null,
            "instance_type": "t2.micro",
            "ipv6_addresses": [],
            "key_name": "ssh-key",
            "maintenance_options": [
              {
                "auto_recovery": "default"
              }
            ],
            "metadata_options": [
              {
                "http_endpoint": "enabled",
                "http_protocol_ipv6": "disabled",
                "http_put_response_hop_limit": 1,
                "http_tokens": "optional",
                "instance_metadata_tags": "disabled"
              }
            ],
            "monitoring": false,
            "network_interface_id": "eni-0c05a950151c42a74",
            "outpost_arn": "",
            "password_data": null,
            "placement_group": "",
            "placement_partition_number": 0,
            "private_dns": "ip-10-0-1-57.ec2.internal",
            "private_dns_name_options": [
              {
                "enable_resource_name_dns_a_record": false,
                "enable_resource_name_dns_aaaa_record": false,
                "hostname_type": "ip-name"
              }
            ],
            "private_ip": "10.0.1.57",
            "public_dns": "ec2-54-211-47-107.compute-1.amazonaws.com",
            "public_ip": "54.211.47.107",
            "root_block_device": [
              {
                "delete_on_termination": true,
                "device_name": "/dev/xvda",
                "encrypted": false,
                "iops": 0,
                "kms_key_id": "",
                "tags": {},
                "throughput": 0,
                "volume_id": "vol-02ad3e9598274ab7e",
                "volume_size": 8,
                "volume_type": "standard"
              }
            ],
            "secondary_private_ips": [],
            "security_groups": [],
            "source_dest_check": false,
            "subnet_id": "subnet-0776b5dca969fa5ee",
            "tags": {
              "Name": "nat"
            },
            "tenancy": "default",
            "timeouts": null,
            "user_data": null,
            "user_data_base64": null,
            "vpc_security_group_ids": [
              "sg-08a9ba27f23bca895"
            ]
          },
          "sensitive_attributes": []
        }
      ]
    },
    {
      "module": "module.vpc",
      "mode": "managed",
      "type": "aws_internet_gateway",
      "name": "igw",
      "provider": "provider[\"registry.terraform.io/hashicorp/aws\"]",
      "instances": [
        {
          "schema_version": 0,
          "attributes": {
            "arn": "arn:aws:ec2:us-east-1:550488701486:internet-gateway/igw-04dca9e2a603cdf1c",
            "id": "igw-04dca9e2a603cdf1c",
            "owner_id": "550488701486",
            "tags": {
              "project": "edu-platform"
            },
            "tags_all": {
              "project": "edu-platform"
            },
            "timeouts": null,
            "vpc_id": "vpc-0aba04814ecf69b6c"
          },
          "sensitive_attributes": [],
          "private": "eyJlMmJmYjczMC1lY2FhLTExZTYtOGY4OC0zNDM2M2JjN2M0YzAiOnsiY3JlYXRlIjoxMjAwMDAwMDAwMDAwLCJkZWxldGUiOjEyMDAwMDAwMDAwMDAsInVwZGF0ZSI6MTIwMDAwMDAwMDAwMH19",
          "dependencies": [
            "module.vpc.aws_vpc.main"
          ]
        }
      ]
    },
    {
      "module": "module.vpc",
      "mode": "managed",
      "type": "aws_route_table",
      "name": "private",
      "provider": "provider[\"registry.terraform.io/hashicorp/aws\"]",
      "instances": [
        {
          "schema_version": 0,
          "attributes": {
            "arn": "arn:aws:ec2:us-east-1:550488701486:route-table/rtb-0a19097794cf938ae",
            "id": "rtb-0a19097794cf938ae",
            "owner_id": "550488701486",
            "propagating_vgws": [],
            "route": [
              {
                "carrier_gateway_id": "",
                "cidr_block": "0.0.0.0/0",
                "core_network_arn": "",
                "destination_prefix_list_id": "",
                "egress_only_gateway_id": "",
                "gateway_id": "",
                "ipv6_cidr_block": "",
                "local_gateway_id": "",
                "nat_gateway_id": "",
                "network_interface_id": "i-041af7f63d0001881",
                "transit_gateway_id": "",
                "vpc_endpoint_id": "",
                "vpc_peering_connection_id": ""
              }
            ],
            "tags": {
              "project": "edu-platform"
            },
            "tags_all": {
              "project": "edu-platform"
            },
            "timeouts": null,
            "vpc_id": "vpc-0aba04814ecf69b6c"
          },
          "sensitive_attributes": [],
          "private": "eyJlMmJmYjczMC1lY2FhLTExZTYtOGY4OC0zNDM2M2JjN2M0YzAiOnsiY3JlYXRlIjozMDAwMDAwMDAwMDAsImRlbGV0ZSI6MzAwMDAwMDAwMDAwLCJ1cGRhdGUiOjEyMDAwMDAwMDAwMH19",
          "dependencies": [
            "module.vpc.aws_vpc.main",
            "module.vpc.data.aws_instance.nat"
          ]
        }
      ]
    },
    {
      "module": "module.vpc",
      "mode": "managed",
      "type": "aws_route_table",
      "name": "public",
      "provider": "provider[\"registry.terraform.io/hashicorp/aws\"]",
      "instances": [
        {
          "schema_version": 0,
          "attributes": {
            "arn": "arn:aws:ec2:us-east-1:550488701486:route-table/rtb-0bf6315fe2c8b67f2",
            "id": "rtb-0bf6315fe2c8b67f2",
            "owner_id": "550488701486",
            "propagating_vgws": [],
            "route": [
              {
                "carrier_gateway_id": "",
                "cidr_block": "0.0.0.0/0",
                "core_network_arn": "",
                "destination_prefix_list_id": "",
                "egress_only_gateway_id": "",
                "gateway_id": "igw-04dca9e2a603cdf1c",
                "ipv6_cidr_block": "",
                "local_gateway_id": "",
                "nat_gateway_id": "",
                "network_interface_id": "",
                "transit_gateway_id": "",
                "vpc_endpoint_id": "",
                "vpc_peering_connection_id": ""
              }
            ],
            "tags": {
              "project": "edu-platform"
            },
            "tags_all": {
              "project": "edu-platform"
            },
            "timeouts": null,
            "vpc_id": "vpc-0aba04814ecf69b6c"
          },
          "sensitive_attributes": [],
          "private": "eyJlMmJmYjczMC1lY2FhLTExZTYtOGY4OC0zNDM2M2JjN2M0YzAiOnsiY3JlYXRlIjozMDAwMDAwMDAwMDAsImRlbGV0ZSI6MzAwMDAwMDAwMDAwLCJ1cGRhdGUiOjEyMDAwMDAwMDAwMH19",
          "dependencies": [
            "module.vpc.aws_internet_gateway.igw",
            "module.vpc.aws_vpc.main"
          ]
        }
      ]
    },
    {
      "module": "module.vpc",
      "mode": "managed",
      "type": "aws_route_table_association",
      "name": "private_a",
      "provider": "provider[\"registry.terraform.io/hashicorp/aws\"]",
      "instances": [
        {
          "schema_version": 0,
          "attributes": {
            "gateway_id": "",
            "id": "rtbassoc-02373f6c470b74bcc",
            "route_table_id": "rtb-0a19097794cf938ae",
            "subnet_id": "subnet-0fdf867bea5c3b295",
            "timeouts": null
          },
          "sensitive_attributes": [],
          "private": "eyJlMmJmYjczMC1lY2FhLTExZTYtOGY4OC0zNDM2M2JjN2M0YzAiOnsiY3JlYXRlIjozMDAwMDAwMDAwMDAsImRlbGV0ZSI6MzAwMDAwMDAwMDAwLCJ1cGRhdGUiOjEyMDAwMDAwMDAwMH19",
          "dependencies": [
            "module.vpc.aws_route_table.private",
            "module.vpc.aws_subnet.private_a",
            "module.vpc.aws_vpc.main",
            "module.vpc.data.aws_instance.nat"
          ]
        }
      ]
    },
    {
      "module": "module.vpc",
      "mode": "managed",
      "type": "aws_route_table_association",
      "name": "private_b",
      "provider": "provider[\"registry.terraform.io/hashicorp/aws\"]",
      "instances": [
        {
          "schema_version": 0,
          "attributes": {
            "gateway_id": "",
            "id": "rtbassoc-06663f797360c424f",
            "route_table_id": "rtb-0a19097794cf938ae",
            "subnet_id": "subnet-0016e4cc34faa25ae",
            "timeouts": null
          },
          "sensitive_attributes": [],
          "private": "eyJlMmJmYjczMC1lY2FhLTExZTYtOGY4OC0zNDM2M2JjN2M0YzAiOnsiY3JlYXRlIjozMDAwMDAwMDAwMDAsImRlbGV0ZSI6MzAwMDAwMDAwMDAwLCJ1cGRhdGUiOjEyMDAwMDAwMDAwMH19",
          "dependencies": [
            "module.vpc.aws_route_table.private",
            "module.vpc.aws_subnet.private_b",
            "module.vpc.aws_vpc.main",
            "module.vpc.data.aws_instance.nat"
          ]
        }
      ]
    },
    {
      "module": "module.vpc",
      "mode": "managed",
      "type": "aws_route_table_association",
      "name": "public",
      "provider": "provider[\"registry.terraform.io/hashicorp/aws\"]",
      "instances": [
        {
          "schema_version": 0,
          "attributes": {
            "gateway_id": "",
            "id": "rtbassoc-04ff1a50295743b66",
            "route_table_id": "rtb-0bf6315fe2c8b67f2",
            "subnet_id": "subnet-0776b5dca969fa5ee",
            "timeouts": null
          },
          "sensitive_attributes": [],
          "private": "eyJlMmJmYjczMC1lY2FhLTExZTYtOGY4OC0zNDM2M2JjN2M0YzAiOnsiY3JlYXRlIjozMDAwMDAwMDAwMDAsImRlbGV0ZSI6MzAwMDAwMDAwMDAwLCJ1cGRhdGUiOjEyMDAwMDAwMDAwMH19",
          "dependencies": [
            "module.vpc.aws_internet_gateway.igw",
            "module.vpc.aws_route_table.public",
            "module.vpc.aws_subnet.public",
            "module.vpc.aws_vpc.main"
          ]
        }
      ]
    },
    {
      "module": "module.vpc",
      "mode": "managed",
      "type": "aws_subnet",
      "name": "private_a",
      "provider": "provider[\"registry.terraform.io/hashicorp/aws\"]",
      "instances": [
        {
          "schema_version": 1,
          "attributes": {
            "arn": "arn:aws:ec2:us-east-1:550488701486:subnet/subnet-0fdf867bea5c3b295",
            "assign_ipv6_address_on_creation": false,
            "availability_zone": "us-east-1a",
            "availability_zone_id": "use1-az6",
            "cidr_block": "10.0.2.0/24",
            "customer_owned_ipv4_pool": "",
            "enable_dns64": false,
            "enable_lni_at_device_index": 0,
            "enable_resource_name_dns_a_record_on_launch": false,
            "enable_resource_name_dns_aaaa_record_on_launch": false,
            "id": "subnet-0fdf867bea5c3b295",
            "ipv6_cidr_block": "",
            "ipv6_cidr_block_association_id": "",
            "ipv6_native": false,
            "map_customer_owned_ip_on_launch": false,
            "map_public_ip_on_launch": false,
            "outpost_arn": "",
            "owner_id": "550488701486",
            "private_dns_hostname_type_on_launch": "ip-name",
            "tags": {
              "project": "edu-platform"
            },
            "tags_all": {
              "project": "edu-platform"
            },
            "timeouts": null,
            "vpc_id": "vpc-0aba04814ecf69b6c"
          },
          "sensitive_attributes": [],
          "private": "eyJlMmJmYjczMC1lY2FhLTExZTYtOGY4OC0zNDM2M2JjN2M0YzAiOnsiY3JlYXRlIjo2MDAwMDAwMDAwMDAsImRlbGV0ZSI6MTIwMDAwMDAwMDAwMH0sInNjaGVtYV92ZXJzaW9uIjoiMSJ9",
          "dependencies": [
            "module.vpc.aws_vpc.main"
          ]
        }
      ]
    },
    {
      "module": "module.vpc",
      "mode": "managed",
      "type": "aws_subnet",
      "name": "private_b",
      "provider": "provider[\"registry.terraform.io/hashicorp/aws\"]",
      "instances": [
        {
          "schema_version": 1,
          "attributes": {
            "arn": "arn:aws:ec2:us-east-1:550488701486:subnet/subnet-0016e4cc34faa25ae",
            "assign_ipv6_address_on_creation": false,
            "availability_zone": "us-east-1b",
            "availability_zone_id": "use1-az1",
            "cidr_block": "10.0.3.0/24",
            "customer_owned_ipv4_pool": "",
            "enable_dns64": false,
            "enable_lni_at_device_index": 0,
            "enable_resource_name_dns_a_record_on_launch": false,
            "enable_resource_name_dns_aaaa_record_on_launch": false,
            "id": "subnet-0016e4cc34faa25ae",
            "ipv6_cidr_block": "",
            "ipv6_cidr_block_association_id": "",
            "ipv6_native": false,
            "map_customer_owned_ip_on_launch": false,
            "map_public_ip_on_launch": false,
            "outpost_arn": "",
            "owner_id": "550488701486",
            "private_dns_hostname_type_on_launch": "ip-name",
            "tags": {
              "project": "edu-platform"
            },
            "tags_all": {
              "project": "edu-platform"
            },
            "timeouts": null,
            "vpc_id": "vpc-0aba04814ecf69b6c"
          },
          "sensitive_attributes": [],
          "private": "eyJlMmJmYjczMC1lY2FhLTExZTYtOGY4OC0zNDM2M2JjN2M0YzAiOnsiY3JlYXRlIjo2MDAwMDAwMDAwMDAsImRlbGV0ZSI6MTIwMDAwMDAwMDAwMH0sInNjaGVtYV92ZXJzaW9uIjoiMSJ9",
          "dependencies": [
            "module.vpc.aws_vpc.main"
          ]
        }
      ]
    },
    {
      "module": "module.vpc",
      "mode": "managed",
      "type": "aws_subnet",
      "name": "public",
      "provider": "provider[\"registry.terraform.io/hashicorp/aws\"]",
      "instances": [
        {
          "schema_version": 1,
          "attributes": {
            "arn": "arn:aws:ec2:us-east-1:550488701486:subnet/subnet-0776b5dca969fa5ee",
            "assign_ipv6_address_on_creation": false,
            "availability_zone": "us-east-1a",
            "availability_zone_id": "use1-az6",
            "cidr_block": "10.0.1.0/24",
            "customer_owned_ipv4_pool": "",
            "enable_dns64": false,
            "enable_lni_at_device_index": 0,
            "enable_resource_name_dns_a_record_on_launch": false,
            "enable_resource_name_dns_aaaa_record_on_launch": false,
            "id": "subnet-0776b5dca969fa5ee",
            "ipv6_cidr_block": "",
            "ipv6_cidr_block_association_id": "",
            "ipv6_native": false,
            "map_customer_owned_ip_on_launch": false,
            "map_public_ip_on_launch": true,
            "outpost_arn": "",
            "owner_id": "550488701486",
            "private_dns_hostname_type_on_launch": "ip-name",
            "tags": {
              "project": "edu-platform"
            },
            "tags_all": {
              "project": "edu-platform"
            },
            "timeouts": null,
            "vpc_id": "vpc-0aba04814ecf69b6c"
          },
          "sensitive_attributes": [],
          "private": "eyJlMmJmYjczMC1lY2FhLTExZTYtOGY4OC0zNDM2M2JjN2M0YzAiOnsiY3JlYXRlIjo2MDAwMDAwMDAwMDAsImRlbGV0ZSI6MTIwMDAwMDAwMDAwMH0sInNjaGVtYV92ZXJzaW9uIjoiMSJ9",
          "dependencies": [
            "module.vpc.aws_vpc.main"
          ]
        }
      ]
    },
    {
      "module": "module.vpc",
      "mode": "managed",
      "type": "aws_vpc",
      "name": "main",
      "provider": "provider[\"registry.terraform.io/hashicorp/aws\"]",
      "instances": [
        {
          "schema_version": 1,
          "attributes": {
            "arn": "arn:aws:ec2:us-east-1:550488701486:vpc/vpc-0aba04814ecf69b6c",
            "assign_generated_ipv6_cidr_block": false,
            "cidr_block": "10.0.0.0/16",
            "default_network_acl_id": "acl-024461e822433d7cf",
            "default_route_table_id": "rtb-0d56b04dfc6842dd7",
            "default_security_group_id": "sg-08dbfdf6de5f126d0",
            "dhcp_options_id": "dopt-09ca1bd5911c65998",
            "enable_dns_hostnames": true,
            "enable_dns_support": true,
            "enable_network_address_usage_metrics": false,
            "id": "vpc-0aba04814ecf69b6c",
            "instance_tenancy": "default",
            "ipv4_ipam_pool_id": null,
            "ipv4_netmask_length": null,
            "ipv6_association_id": "",
            "ipv6_cidr_block": "",
            "ipv6_cidr_block_network_border_group": "",
            "ipv6_ipam_pool_id": "",
            "ipv6_netmask_length": 0,
            "main_route_table_id": "rtb-0d56b04dfc6842dd7",
            "owner_id": "550488701486",
            "tags": {
              "project": "edu-platform"
            },
            "tags_all": {
              "project": "edu-platform"
            }
          },
          "sensitive_attributes": [],
          "private": "eyJzY2hlbWFfdmVyc2lvbiI6IjEifQ=="
        }
      ]
    }
  ],
  "check_results": null
}
